
Microsoft Visual Studio Solution File, Format Version 12.00
# Visual Studio Version 17
VisualStudioVersion = 17.2.32616.157
MinimumVisualStudioVersion = 10.0.40219.1
Project("{8BC9CEB8-8B4A-11D0-8D11-00A0C91BC942}") = "Project2", "Project2\Project2.vcxproj", "{B08100B3-CCDD-4477-B34C-E9A92AD021DE}"
EndProject
Global
	GlobalSection(SolutionConfigurationPlatforms) = preSolution
		Debug|x64 = Debug|x64
		Debug|x86 = Debug|x86
		Release|x64 = Release|x64
		Release|x86 = Release|x86
	EndGlobalSection
	GlobalSection(ProjectConfigurationPlatforms) = postSolution
		{B08100B3-CCDD-4477-B34C-E9A92AD021DE}.Debug|x64.ActiveCfg = Debug|x64
		{B08100B3-CCDD-4477-B34C-E9A92AD021DE}.Debug|x64.Build.0 = Debug|x64
		{B08100B3-CCDD-4477-B34C-E9A92AD021DE}.Debug|x86.ActiveCfg = Debug|Win32
		{B08100B3-CCDD-4477-B34C-E9A92AD021DE}.Debug|x86.Build.0 = Debug|Win32
		{B08100B3-CCDD-4477-B34C-E9A92AD021DE}.Release|x64.ActiveCfg = Release|x64
		{B08100B3-CCDD-4477-B34C-E9A92AD021DE}.Release|x64.Build.0 = Release|x64
		{B08100B3-CCDD-4477-B34C-E9A92AD021DE}.Release|x86.ActiveCfg = Release|Win32
		{B08100B3-CCDD-4477-B34C-E9A92AD021DE}.Release|x86.Build.0 = Release|Win32
	EndGlobalSection
	GlobalSection(SolutionProperties) = preSolution
		HideSolutionNode = FALSE
	EndGlobalSection
	GlobalSection(ExtensibilityGlobals) = postSolution
		SolutionGuid = {42F01CB8-3F49-4345-B68B-0E6908968173}
	EndGlobalSection
EndGlobal
